
Microsoft Visual Studio Solution File, Format Version 12.00
# Visual Studio 15
VisualStudioVersion = 15.0.28307.106
MinimumVisualStudioVersion = 10.0.40219.1
Project("{FAE04EC0-301F-11D3-BF4B-00C04F79EFBC}") = "AI", "AI\AI.csproj", "{5A91D279-E07E-4B06-AA7E-20526FC5DB77}"
EndProject
Project("{FAE04EC0-301F-11D3-BF4B-00C04F79EFBC}") = "AITests", "AITests\AITests.csproj", "{F945E44D-6E99-4933-9C6F-20913287C305}"
EndProject
Project("{FAE04EC0-301F-11D3-BF4B-00C04F79EFBC}") = "GraphEditor", "GraphEditor\GraphEditor.csproj", "{013BC9C0-DAA6-47BB-A3FD-AD7A8E798869}"
EndProject
Global
	GlobalSection(SolutionConfigurationPlatforms) = preSolution
		Debug|Any CPU = Debug|Any CPU
		Debug|x86 = Debug|x86
		Release|Any CPU = Release|Any CPU
		Release|x86 = Release|x86
	EndGlobalSection
	GlobalSection(ProjectConfigurationPlatforms) = postSolution
		{5A91D279-E07E-4B06-AA7E-20526FC5DB77}.Debug|Any CPU.ActiveCfg = Debug|x86
		{5A91D279-E07E-4B06-AA7E-20526FC5DB77}.Debug|x86.ActiveCfg = Debug|x86
		{5A91D279-E07E-4B06-AA7E-20526FC5DB77}.Debug|x86.Build.0 = Debug|x86
		{5A91D279-E07E-4B06-AA7E-20526FC5DB77}.Release|Any CPU.ActiveCfg = Release|x86
		{5A91D279-E07E-4B06-AA7E-20526FC5DB77}.Release|x86.ActiveCfg = Release|x86
		{5A91D279-E07E-4B06-AA7E-20526FC5DB77}.Release|x86.Build.0 = Release|x86
		{5A91D279-E07E-4B06-AA7E-20526FC5DB77}.Debug|Any CPU.Build.0 = Debug|x86
		{F945E44D-6E99-4933-9C6F-20913287C305}.Debug|Any CPU.ActiveCfg = Debug|Any CPU
		{F945E44D-6E99-4933-9C6F-20913287C305}.Debug|Any CPU.Build.0 = Debug|Any CPU
		{F945E44D-6E99-4933-9C6F-20913287C305}.Debug|x86.ActiveCfg = Debug|Any CPU
		{F945E44D-6E99-4933-9C6F-20913287C305}.Debug|x86.Build.0 = Debug|Any CPU
		{F945E44D-6E99-4933-9C6F-20913287C305}.Release|Any CPU.ActiveCfg = Release|Any CPU
		{F945E44D-6E99-4933-9C6F-20913287C305}.Release|Any CPU.Build.0 = Release|Any CPU
		{F945E44D-6E99-4933-9C6F-20913287C305}.Release|x86.ActiveCfg = Release|Any CPU
		{F945E44D-6E99-4933-9C6F-20913287C305}.Release|x86.Build.0 = Release|Any CPU
	EndGlobalSection
	GlobalSection(SolutionProperties) = preSolution
		HideSolutionNode = FALSE
	EndGlobalSection
	GlobalSection(ExtensibilityGlobals) = postSolution
		SolutionGuid = {7137881E-1C6A-4FAA-BFB7-69C63CF503E3}
	EndGlobalSection
	GlobalSection(MonoDevelopProperties) = preSolution
		Policies = $0
		$0.DotNetNamingPolicy = $1
		$1.DirectoryNamespaceAssociation = PrefixedHierarchical
		$0.TextStylePolicy = $2
		$2.FileWidth = 80
		$2.TabWidth = 2
		$2.TabsToSpaces = True
		$2.IndentWidth = 2
		$2.scope = text/x-csharp
		$0.CSharpFormattingPolicy = $3
		$3.scope = text/x-csharp
	EndGlobalSection
EndGlobal
